
Microsoft Visual Studio Solution File, Format Version 12.00
# Visual Studio Version 17
VisualStudioVersion = 17.0.31423.177
MinimumVisualStudioVersion = 10.0.40219.1
Project("{2150E333-8FDC-42A3-9474-1A3956D46DE8}") = "Source", "Source", "{ED9AF8BE-67CD-4EC0-BC06-C86EB37CBC07}"
EndProject
Project("{2150E333-8FDC-42A3-9474-1A3956D46DE8}") = "Application Layer", "Application Layer", "{2D18F8DF-9073-4740-BA14-58545E549085}"
EndProject
Project("{2150E333-8FDC-42A3-9474-1A3956D46DE8}") = "Domain Layer", "Domain Layer", "{35A415C1-85B2-4FD0-B33A-F013720F7B3D}"
EndProject
Project("{2150E333-8FDC-42A3-9474-1A3956D46DE8}") = "Persistence Layer", "Persistence Layer", "{19386EE3-6ADD-42F0-9D1B-78AB28319542}"
EndProject
Project("{2150E333-8FDC-42A3-9474-1A3956D46DE8}") = "Presentation Layer", "Presentation Layer", "{F648339A-2330-455E-8DF7-64C2B0DE3C95}"
EndProject
Project("{2150E333-8FDC-42A3-9474-1A3956D46DE8}") = "Transversal Layer", "Transversal Layer", "{AE6FEE49-2E3B-4B3C-A8CE-495A5A197066}"
EndProject
Project("{9A19103F-16F7-4668-BE54-9A1E7A4F7556}") = "BCP.ExchangeRate.Domain", "BCP.ExchangeRate.Domain\BCP.ExchangeRate.Domain.csproj", "{F3272BCE-6E9F-42FC-A435-7CA987E83C82}"
EndProject
Project("{9A19103F-16F7-4668-BE54-9A1E7A4F7556}") = "BCP.ExchangeRate.Repository", "BCP.ExchangeRate.Repository\BCP.ExchangeRate.Repository.csproj", "{81D6BB04-0277-4908-B631-C4345DBC16EA}"
EndProject
Project("{9A19103F-16F7-4668-BE54-9A1E7A4F7556}") = "BCP.ExchangeRate.BusinessLogic", "BCP.ExchangeRate.BusinessLogic\BCP.ExchangeRate.BusinessLogic.csproj", "{77CD7838-2F39-463C-A9D8-F1B03BDCD104}"
EndProject
Project("{9A19103F-16F7-4668-BE54-9A1E7A4F7556}") = "BCP.ExchangeRate.Common", "BCP.ExchangeRate.Common\BCP.ExchangeRate.Common.csproj", "{ACDDE64F-98FE-4005-8CEE-ECA93484CEAE}"
EndProject
Project("{9A19103F-16F7-4668-BE54-9A1E7A4F7556}") = "BCP.ExchangeRate.WebAPI", "BCP.ExchangeRate.WebAPI\BCP.ExchangeRate.WebAPI.csproj", "{58A79A0A-A83C-47F7-BC43-E2C87C03D138}"
EndProject
Project("{9A19103F-16F7-4668-BE54-9A1E7A4F7556}") = "BCP.ExchangeRate.Repository.Redis", "BCP.ExchangeRate.Repository.Redis\BCP.ExchangeRate.Repository.Redis.csproj", "{7A98D5FC-B382-4391-B3EA-485BFA1B9F28}"
EndProject
Global
	GlobalSection(SolutionConfigurationPlatforms) = preSolution
		Debug|Any CPU = Debug|Any CPU
		Release|Any CPU = Release|Any CPU
	EndGlobalSection
	GlobalSection(ProjectConfigurationPlatforms) = postSolution
		{F3272BCE-6E9F-42FC-A435-7CA987E83C82}.Debug|Any CPU.ActiveCfg = Debug|Any CPU
		{F3272BCE-6E9F-42FC-A435-7CA987E83C82}.Debug|Any CPU.Build.0 = Debug|Any CPU
		{F3272BCE-6E9F-42FC-A435-7CA987E83C82}.Release|Any CPU.ActiveCfg = Release|Any CPU
		{F3272BCE-6E9F-42FC-A435-7CA987E83C82}.Release|Any CPU.Build.0 = Release|Any CPU
		{81D6BB04-0277-4908-B631-C4345DBC16EA}.Debug|Any CPU.ActiveCfg = Debug|Any CPU
		{81D6BB04-0277-4908-B631-C4345DBC16EA}.Debug|Any CPU.Build.0 = Debug|Any CPU
		{81D6BB04-0277-4908-B631-C4345DBC16EA}.Release|Any CPU.ActiveCfg = Release|Any CPU
		{81D6BB04-0277-4908-B631-C4345DBC16EA}.Release|Any CPU.Build.0 = Release|Any CPU
		{77CD7838-2F39-463C-A9D8-F1B03BDCD104}.Debug|Any CPU.ActiveCfg = Debug|Any CPU
		{77CD7838-2F39-463C-A9D8-F1B03BDCD104}.Debug|Any CPU.Build.0 = Debug|Any CPU
		{77CD7838-2F39-463C-A9D8-F1B03BDCD104}.Release|Any CPU.ActiveCfg = Release|Any CPU
		{77CD7838-2F39-463C-A9D8-F1B03BDCD104}.Release|Any CPU.Build.0 = Release|Any CPU
		{ACDDE64F-98FE-4005-8CEE-ECA93484CEAE}.Debug|Any CPU.ActiveCfg = Debug|Any CPU
		{ACDDE64F-98FE-4005-8CEE-ECA93484CEAE}.Debug|Any CPU.Build.0 = Debug|Any CPU
		{ACDDE64F-98FE-4005-8CEE-ECA93484CEAE}.Release|Any CPU.ActiveCfg = Release|Any CPU
		{ACDDE64F-98FE-4005-8CEE-ECA93484CEAE}.Release|Any CPU.Build.0 = Release|Any CPU
		{58A79A0A-A83C-47F7-BC43-E2C87C03D138}.Debug|Any CPU.ActiveCfg = Debug|Any CPU
		{58A79A0A-A83C-47F7-BC43-E2C87C03D138}.Debug|Any CPU.Build.0 = Debug|Any CPU
		{58A79A0A-A83C-47F7-BC43-E2C87C03D138}.Release|Any CPU.ActiveCfg = Release|Any CPU
		{58A79A0A-A83C-47F7-BC43-E2C87C03D138}.Release|Any CPU.Build.0 = Release|Any CPU
		{7A98D5FC-B382-4391-B3EA-485BFA1B9F28}.Debug|Any CPU.ActiveCfg = Debug|Any CPU
		{7A98D5FC-B382-4391-B3EA-485BFA1B9F28}.Debug|Any CPU.Build.0 = Debug|Any CPU
		{7A98D5FC-B382-4391-B3EA-485BFA1B9F28}.Release|Any CPU.ActiveCfg = Release|Any CPU
		{7A98D5FC-B382-4391-B3EA-485BFA1B9F28}.Release|Any CPU.Build.0 = Release|Any CPU
	EndGlobalSection
	GlobalSection(SolutionProperties) = preSolution
		HideSolutionNode = FALSE
	EndGlobalSection
	GlobalSection(NestedProjects) = preSolution
		{2D18F8DF-9073-4740-BA14-58545E549085} = {ED9AF8BE-67CD-4EC0-BC06-C86EB37CBC07}
		{35A415C1-85B2-4FD0-B33A-F013720F7B3D} = {ED9AF8BE-67CD-4EC0-BC06-C86EB37CBC07}
		{19386EE3-6ADD-42F0-9D1B-78AB28319542} = {ED9AF8BE-67CD-4EC0-BC06-C86EB37CBC07}
		{F648339A-2330-455E-8DF7-64C2B0DE3C95} = {ED9AF8BE-67CD-4EC0-BC06-C86EB37CBC07}
		{AE6FEE49-2E3B-4B3C-A8CE-495A5A197066} = {ED9AF8BE-67CD-4EC0-BC06-C86EB37CBC07}
		{F3272BCE-6E9F-42FC-A435-7CA987E83C82} = {35A415C1-85B2-4FD0-B33A-F013720F7B3D}
		{81D6BB04-0277-4908-B631-C4345DBC16EA} = {19386EE3-6ADD-42F0-9D1B-78AB28319542}
		{77CD7838-2F39-463C-A9D8-F1B03BDCD104} = {2D18F8DF-9073-4740-BA14-58545E549085}
		{ACDDE64F-98FE-4005-8CEE-ECA93484CEAE} = {AE6FEE49-2E3B-4B3C-A8CE-495A5A197066}
		{58A79A0A-A83C-47F7-BC43-E2C87C03D138} = {F648339A-2330-455E-8DF7-64C2B0DE3C95}
		{7A98D5FC-B382-4391-B3EA-485BFA1B9F28} = {19386EE3-6ADD-42F0-9D1B-78AB28319542}
	EndGlobalSection
	GlobalSection(ExtensibilityGlobals) = postSolution
		SolutionGuid = {5F8E3A3F-0920-44C3-9409-3472188B4379}
	EndGlobalSection
EndGlobal
